
Microsoft Visual Studio Solution File, Format Version 12.00
# Visual Studio 15
VisualStudioVersion = 15.0.26228.4
MinimumVisualStudioVersion = 10.0.40219.1
Project("{2150E333-8FDC-42A3-9474-1A3956D46DE8}") = "src", "src", "{EA74EB5B-3E96-446B-B64A-C5EF7010D166}"
EndProject
Project("{2150E333-8FDC-42A3-9474-1A3956D46DE8}") = "Solution Items", "Solution Items", "{547EA458-F96A-49D6-9458-9E0842066B67}"
EndProject
Project("{9A19103F-16F7-4668-BE54-9A1E7A4F7556}") = "Oql.OData", "src\Oql.OData\Oql.OData.csproj", "{88BA7DD1-D242-4146-9C07-C5E4E734183E}"
EndProject
Project("{9A19103F-16F7-4668-BE54-9A1E7A4F7556}") = "Oql.Linq", "src\Oql.Linq\Oql.Linq.csproj", "{E8F44E6D-857B-4747-8B7A-9ED8282852D3}"
EndProject
Project("{9A19103F-16F7-4668-BE54-9A1E7A4F7556}") = "Oql.MsSql", "src\Oql.MsSql\Oql.MsSql.csproj", "{23A2111C-1C37-4593-94F3-E598093BD97E}"
EndProject
Project("{9A19103F-16F7-4668-BE54-9A1E7A4F7556}") = "OData.Linq", "src\OData.Linq\OData.Linq.csproj", "{C1CA0137-FFCA-4CF8-992F-470D9DA5D378}"
EndProject
Project("{9A19103F-16F7-4668-BE54-9A1E7A4F7556}") = "Oql.Data", "src\Oql.Data\Oql.Data.csproj", "{2F4E6C7E-5AD3-4CE7-8A22-BDE516FBB906}"
EndProject
Global
	GlobalSection(SolutionConfigurationPlatforms) = preSolution
		Debug|Any CPU = Debug|Any CPU
		Release|Any CPU = Release|Any CPU
	EndGlobalSection
	GlobalSection(ProjectConfigurationPlatforms) = postSolution
		{88BA7DD1-D242-4146-9C07-C5E4E734183E}.Debug|Any CPU.ActiveCfg = Debug|Any CPU
		{88BA7DD1-D242-4146-9C07-C5E4E734183E}.Debug|Any CPU.Build.0 = Debug|Any CPU
		{88BA7DD1-D242-4146-9C07-C5E4E734183E}.Release|Any CPU.ActiveCfg = Release|Any CPU
		{88BA7DD1-D242-4146-9C07-C5E4E734183E}.Release|Any CPU.Build.0 = Release|Any CPU
		{E8F44E6D-857B-4747-8B7A-9ED8282852D3}.Debug|Any CPU.ActiveCfg = Debug|Any CPU
		{E8F44E6D-857B-4747-8B7A-9ED8282852D3}.Debug|Any CPU.Build.0 = Debug|Any CPU
		{E8F44E6D-857B-4747-8B7A-9ED8282852D3}.Release|Any CPU.ActiveCfg = Release|Any CPU
		{E8F44E6D-857B-4747-8B7A-9ED8282852D3}.Release|Any CPU.Build.0 = Release|Any CPU
		{23A2111C-1C37-4593-94F3-E598093BD97E}.Debug|Any CPU.ActiveCfg = Debug|Any CPU
		{23A2111C-1C37-4593-94F3-E598093BD97E}.Debug|Any CPU.Build.0 = Debug|Any CPU
		{23A2111C-1C37-4593-94F3-E598093BD97E}.Release|Any CPU.ActiveCfg = Release|Any CPU
		{23A2111C-1C37-4593-94F3-E598093BD97E}.Release|Any CPU.Build.0 = Release|Any CPU
		{C1CA0137-FFCA-4CF8-992F-470D9DA5D378}.Debug|Any CPU.ActiveCfg = Debug|Any CPU
		{C1CA0137-FFCA-4CF8-992F-470D9DA5D378}.Debug|Any CPU.Build.0 = Debug|Any CPU
		{C1CA0137-FFCA-4CF8-992F-470D9DA5D378}.Release|Any CPU.ActiveCfg = Release|Any CPU
		{C1CA0137-FFCA-4CF8-992F-470D9DA5D378}.Release|Any CPU.Build.0 = Release|Any CPU
		{2F4E6C7E-5AD3-4CE7-8A22-BDE516FBB906}.Debug|Any CPU.ActiveCfg = Debug|Any CPU
		{2F4E6C7E-5AD3-4CE7-8A22-BDE516FBB906}.Debug|Any CPU.Build.0 = Debug|Any CPU
		{2F4E6C7E-5AD3-4CE7-8A22-BDE516FBB906}.Release|Any CPU.ActiveCfg = Release|Any CPU
		{2F4E6C7E-5AD3-4CE7-8A22-BDE516FBB906}.Release|Any CPU.Build.0 = Release|Any CPU
	EndGlobalSection
	GlobalSection(SolutionProperties) = preSolution
		HideSolutionNode = FALSE
	EndGlobalSection
	GlobalSection(NestedProjects) = preSolution
		{88BA7DD1-D242-4146-9C07-C5E4E734183E} = {EA74EB5B-3E96-446B-B64A-C5EF7010D166}
		{E8F44E6D-857B-4747-8B7A-9ED8282852D3} = {EA74EB5B-3E96-446B-B64A-C5EF7010D166}
		{23A2111C-1C37-4593-94F3-E598093BD97E} = {EA74EB5B-3E96-446B-B64A-C5EF7010D166}
		{C1CA0137-FFCA-4CF8-992F-470D9DA5D378} = {EA74EB5B-3E96-446B-B64A-C5EF7010D166}
		{2F4E6C7E-5AD3-4CE7-8A22-BDE516FBB906} = {EA74EB5B-3E96-446B-B64A-C5EF7010D166}
	EndGlobalSection
EndGlobal
